
Microsoft Visual Studio Solution File, Format Version 12.00
# Visual Studio Version 17
VisualStudioVersion = 17.3.32819.101
MinimumVisualStudioVersion = 10.0.40219.1
Project("{FAE04EC0-301F-11D3-BF4B-00C04F79EFBC}") = "Calculadora", "Calculadora\Calculadora.csproj", "{6E4B3FE6-0B71-4D35-83C8-38FC58CBA1F6}"
EndProject
Global
	GlobalSection(SolutionConfigurationPlatforms) = preSolution
		Debug|Any CPU = Debug|Any CPU
		Release|Any CPU = Release|Any CPU
	EndGlobalSection
	GlobalSection(ProjectConfigurationPlatforms) = postSolution
		{6E4B3FE6-0B71-4D35-83C8-38FC58CBA1F6}.Debug|Any CPU.ActiveCfg = Debug|Any CPU
		{6E4B3FE6-0B71-4D35-83C8-38FC58CBA1F6}.Debug|Any CPU.Build.0 = Debug|Any CPU
		{6E4B3FE6-0B71-4D35-83C8-38FC58CBA1F6}.Release|Any CPU.ActiveCfg = Release|Any CPU
		{6E4B3FE6-0B71-4D35-83C8-38FC58CBA1F6}.Release|Any CPU.Build.0 = Release|Any CPU
	EndGlobalSection
	GlobalSection(SolutionProperties) = preSolution
		HideSolutionNode = FALSE
	EndGlobalSection
	GlobalSection(ExtensibilityGlobals) = postSolution
		SolutionGuid = {A5095AC4-6C7A-41BF-81C5-7C8283274537}
	EndGlobalSection
EndGlobal
